
Microsoft Visual Studio Solution File, Format Version 12.00
# Visual Studio Version 17
VisualStudioVersion = 17.4.33110.190
MinimumVisualStudioVersion = 10.0.40219.1
Project("{FAE04EC0-301F-11D3-BF4B-00C04F79EFBC}") = "PropertyCrawler", "PropertyCrawler.csproj", "{8DD43C0E-F0F6-4CCE-A377-43D34F960FDE}"
EndProject
Global
	GlobalSection(SolutionConfigurationPlatforms) = preSolution
		Debug|Any CPU = Debug|Any CPU
		Release|Any CPU = Release|Any CPU
	EndGlobalSection
	GlobalSection(ProjectConfigurationPlatforms) = postSolution
		{8DD43C0E-F0F6-4CCE-A377-43D34F960FDE}.Debug|Any CPU.ActiveCfg = Debug|Any CPU
		{8DD43C0E-F0F6-4CCE-A377-43D34F960FDE}.Debug|Any CPU.Build.0 = Debug|Any CPU
		{8DD43C0E-F0F6-4CCE-A377-43D34F960FDE}.Release|Any CPU.ActiveCfg = Release|Any CPU
		{8DD43C0E-F0F6-4CCE-A377-43D34F960FDE}.Release|Any CPU.Build.0 = Release|Any CPU
	EndGlobalSection
	GlobalSection(SolutionProperties) = preSolution
		HideSolutionNode = FALSE
	EndGlobalSection
	GlobalSection(ExtensibilityGlobals) = postSolution
		SolutionGuid = {F2A577C8-A660-4518-8E0D-A9DA4C36531F}
	EndGlobalSection
EndGlobal
